
Microsoft Visual Studio Solution File, Format Version 12.00
# Visual Studio Version 17
VisualStudioVersion = 17.5.33627.172
MinimumVisualStudioVersion = 10.0.40219.1
Project("{9A19103F-16F7-4668-BE54-9A1E7A4F7556}") = "Labb3ApiWeb", "Labb3Api\Labb3ApiWeb.csproj", "{D83C7588-8ED3-49BC-B3F9-E0B511E34552}"
EndProject
Project("{FAE04EC0-301F-11D3-BF4B-00C04F79EFBC}") = "Labb3ApiRoutes", "Labb3ApiRoutes\Labb3ApiRoutes.csproj", "{61DCEA94-3E15-4CF3-87F1-6F8ADAC057ED}"
EndProject
Global
	GlobalSection(SolutionConfigurationPlatforms) = preSolution
		Debug|Any CPU = Debug|Any CPU
		Release|Any CPU = Release|Any CPU
	EndGlobalSection
	GlobalSection(ProjectConfigurationPlatforms) = postSolution
		{D83C7588-8ED3-49BC-B3F9-E0B511E34552}.Debug|Any CPU.ActiveCfg = Debug|Any CPU
		{D83C7588-8ED3-49BC-B3F9-E0B511E34552}.Debug|Any CPU.Build.0 = Debug|Any CPU
		{D83C7588-8ED3-49BC-B3F9-E0B511E34552}.Release|Any CPU.ActiveCfg = Release|Any CPU
		{D83C7588-8ED3-49BC-B3F9-E0B511E34552}.Release|Any CPU.Build.0 = Release|Any CPU
		{61DCEA94-3E15-4CF3-87F1-6F8ADAC057ED}.Debug|Any CPU.ActiveCfg = Debug|Any CPU
		{61DCEA94-3E15-4CF3-87F1-6F8ADAC057ED}.Debug|Any CPU.Build.0 = Debug|Any CPU
		{61DCEA94-3E15-4CF3-87F1-6F8ADAC057ED}.Release|Any CPU.ActiveCfg = Release|Any CPU
		{61DCEA94-3E15-4CF3-87F1-6F8ADAC057ED}.Release|Any CPU.Build.0 = Release|Any CPU
	EndGlobalSection
	GlobalSection(SolutionProperties) = preSolution
		HideSolutionNode = FALSE
	EndGlobalSection
	GlobalSection(ExtensibilityGlobals) = postSolution
		SolutionGuid = {FD7A3E23-00EE-4830-81BE-026F326A6DE6}
	EndGlobalSection
EndGlobal
